
Microsoft Visual Studio Solution File, Format Version 12.00
Project("{FAE04EC0-301F-11D3-BF4B-00C04F79EFBC}") = "AuthDesktop.UI", "AuthDesktop.UI\AuthDesktop.UI.csproj", "{8234E1CE-0FFF-4490-A5DC-0747F3726885}"
EndProject
Project("{FAE04EC0-301F-11D3-BF4B-00C04F79EFBC}") = "AuthDesktop.ViewModels", "AuthDesktop.ViewModels\AuthDesktop.ViewModels.csproj", "{153C78C9-D517-4FFA-8C7B-A1487E05A588}"
EndProject
Project("{FAE04EC0-301F-11D3-BF4B-00C04F79EFBC}") = "AuthDesktop.Models", "AuthDesktop.Models\AuthDesktop.Models.csproj", "{FFA900E6-1FE6-4C41-9243-B5807A99FA9E}"
EndProject
Project("{FAE04EC0-301F-11D3-BF4B-00C04F79EFBC}") = "AuthDesktop.Services", "AuthDesktop.Services\AuthDesktop.Services.csproj", "{D1117C60-1251-4CA1-94D4-6475191BF889}"
EndProject
Global
	GlobalSection(SolutionConfigurationPlatforms) = preSolution
		Debug|Any CPU = Debug|Any CPU
		Release|Any CPU = Release|Any CPU
	EndGlobalSection
	GlobalSection(ProjectConfigurationPlatforms) = postSolution
		{8234E1CE-0FFF-4490-A5DC-0747F3726885}.Debug|Any CPU.ActiveCfg = Debug|Any CPU
		{8234E1CE-0FFF-4490-A5DC-0747F3726885}.Debug|Any CPU.Build.0 = Debug|Any CPU
		{8234E1CE-0FFF-4490-A5DC-0747F3726885}.Release|Any CPU.ActiveCfg = Release|Any CPU
		{8234E1CE-0FFF-4490-A5DC-0747F3726885}.Release|Any CPU.Build.0 = Release|Any CPU
		{153C78C9-D517-4FFA-8C7B-A1487E05A588}.Debug|Any CPU.ActiveCfg = Debug|Any CPU
		{153C78C9-D517-4FFA-8C7B-A1487E05A588}.Debug|Any CPU.Build.0 = Debug|Any CPU
		{153C78C9-D517-4FFA-8C7B-A1487E05A588}.Release|Any CPU.ActiveCfg = Release|Any CPU
		{153C78C9-D517-4FFA-8C7B-A1487E05A588}.Release|Any CPU.Build.0 = Release|Any CPU
		{FFA900E6-1FE6-4C41-9243-B5807A99FA9E}.Debug|Any CPU.ActiveCfg = Debug|Any CPU
		{FFA900E6-1FE6-4C41-9243-B5807A99FA9E}.Debug|Any CPU.Build.0 = Debug|Any CPU
		{FFA900E6-1FE6-4C41-9243-B5807A99FA9E}.Release|Any CPU.ActiveCfg = Release|Any CPU
		{FFA900E6-1FE6-4C41-9243-B5807A99FA9E}.Release|Any CPU.Build.0 = Release|Any CPU
		{D1117C60-1251-4CA1-94D4-6475191BF889}.Debug|Any CPU.ActiveCfg = Debug|Any CPU
		{D1117C60-1251-4CA1-94D4-6475191BF889}.Debug|Any CPU.Build.0 = Debug|Any CPU
		{D1117C60-1251-4CA1-94D4-6475191BF889}.Release|Any CPU.ActiveCfg = Release|Any CPU
		{D1117C60-1251-4CA1-94D4-6475191BF889}.Release|Any CPU.Build.0 = Release|Any CPU
	EndGlobalSection
EndGlobal
